
Microsoft Visual Studio Solution File, Format Version 12.00
# Visual Studio Version 17
VisualStudioVersion = 17.6.33723.286
MinimumVisualStudioVersion = 10.0.40219.1
Project("{FAE04EC0-301F-11D3-BF4B-00C04F79EFBC}") = "Lab-Task-1-CV", "Lab-Task-1-CV\Lab-Task-1-CV.csproj", "{4CA5E234-F25C-49E1-8EA2-D17E9E227AE5}"
EndProject
Global
	GlobalSection(SolutionConfigurationPlatforms) = preSolution
		Debug|Any CPU = Debug|Any CPU
		Release|Any CPU = Release|Any CPU
	EndGlobalSection
	GlobalSection(ProjectConfigurationPlatforms) = postSolution
		{4CA5E234-F25C-49E1-8EA2-D17E9E227AE5}.Debug|Any CPU.ActiveCfg = Debug|Any CPU
		{4CA5E234-F25C-49E1-8EA2-D17E9E227AE5}.Debug|Any CPU.Build.0 = Debug|Any CPU
		{4CA5E234-F25C-49E1-8EA2-D17E9E227AE5}.Release|Any CPU.ActiveCfg = Release|Any CPU
		{4CA5E234-F25C-49E1-8EA2-D17E9E227AE5}.Release|Any CPU.Build.0 = Release|Any CPU
	EndGlobalSection
	GlobalSection(SolutionProperties) = preSolution
		HideSolutionNode = FALSE
	EndGlobalSection
	GlobalSection(ExtensibilityGlobals) = postSolution
		SolutionGuid = {F3B9C073-8C00-40A7-85E1-9FF01E9516E3}
	EndGlobalSection
EndGlobal
