
Microsoft Visual Studio Solution File, Format Version 12.00
# Visual Studio Version 17
VisualStudioVersion = 17.6.33829.357
MinimumVisualStudioVersion = 10.0.40219.1
Project("{FAE04EC0-301F-11D3-BF4B-00C04F79EFBC}") = "PortalRegistation", "PortalRegistation\PortalRegistation.csproj", "{F6566F1E-7DCB-44AD-AA36-3DB68648E2E9}"
EndProject
Project("{FAE04EC0-301F-11D3-BF4B-00C04F79EFBC}") = "BLL", "BLL\BLL.csproj", "{9FAEE845-2618-4832-BAA0-1C2D531DBB51}"
EndProject
Project("{FAE04EC0-301F-11D3-BF4B-00C04F79EFBC}") = "DAL", "DAL\DAL.csproj", "{FBE7A6AD-AF03-4911-9AFE-EFBF2047DFFB}"
EndProject
Global
	GlobalSection(SolutionConfigurationPlatforms) = preSolution
		Debug|Any CPU = Debug|Any CPU
		Release|Any CPU = Release|Any CPU
	EndGlobalSection
	GlobalSection(ProjectConfigurationPlatforms) = postSolution
		{F6566F1E-7DCB-44AD-AA36-3DB68648E2E9}.Debug|Any CPU.ActiveCfg = Debug|Any CPU
		{F6566F1E-7DCB-44AD-AA36-3DB68648E2E9}.Debug|Any CPU.Build.0 = Debug|Any CPU
		{F6566F1E-7DCB-44AD-AA36-3DB68648E2E9}.Release|Any CPU.ActiveCfg = Release|Any CPU
		{F6566F1E-7DCB-44AD-AA36-3DB68648E2E9}.Release|Any CPU.Build.0 = Release|Any CPU
		{9FAEE845-2618-4832-BAA0-1C2D531DBB51}.Debug|Any CPU.ActiveCfg = Debug|Any CPU
		{9FAEE845-2618-4832-BAA0-1C2D531DBB51}.Debug|Any CPU.Build.0 = Debug|Any CPU
		{9FAEE845-2618-4832-BAA0-1C2D531DBB51}.Release|Any CPU.ActiveCfg = Release|Any CPU
		{9FAEE845-2618-4832-BAA0-1C2D531DBB51}.Release|Any CPU.Build.0 = Release|Any CPU
		{FBE7A6AD-AF03-4911-9AFE-EFBF2047DFFB}.Debug|Any CPU.ActiveCfg = Debug|Any CPU
		{FBE7A6AD-AF03-4911-9AFE-EFBF2047DFFB}.Debug|Any CPU.Build.0 = Debug|Any CPU
		{FBE7A6AD-AF03-4911-9AFE-EFBF2047DFFB}.Release|Any CPU.ActiveCfg = Release|Any CPU
		{FBE7A6AD-AF03-4911-9AFE-EFBF2047DFFB}.Release|Any CPU.Build.0 = Release|Any CPU
	EndGlobalSection
	GlobalSection(SolutionProperties) = preSolution
		HideSolutionNode = FALSE
	EndGlobalSection
	GlobalSection(ExtensibilityGlobals) = postSolution
		SolutionGuid = {9858B872-00E4-4B4C-A4F1-8815EC183578}
	EndGlobalSection
EndGlobal
