
Microsoft Visual Studio Solution File, Format Version 12.00
# Visual Studio Version 17
VisualStudioVersion = 17.6.33723.286
MinimumVisualStudioVersion = 10.0.40219.1
Project("{FAE04EC0-301F-11D3-BF4B-00C04F79EFBC}") = "Zero_Hunger", "Zero_Hunger\Zero_Hunger.csproj", "{7FC77A40-D767-442A-B093-15E38BF7D62B}"
EndProject
Global
	GlobalSection(SolutionConfigurationPlatforms) = preSolution
		Debug|Any CPU = Debug|Any CPU
		Release|Any CPU = Release|Any CPU
	EndGlobalSection
	GlobalSection(ProjectConfigurationPlatforms) = postSolution
		{7FC77A40-D767-442A-B093-15E38BF7D62B}.Debug|Any CPU.ActiveCfg = Debug|Any CPU
		{7FC77A40-D767-442A-B093-15E38BF7D62B}.Debug|Any CPU.Build.0 = Debug|Any CPU
		{7FC77A40-D767-442A-B093-15E38BF7D62B}.Release|Any CPU.ActiveCfg = Release|Any CPU
		{7FC77A40-D767-442A-B093-15E38BF7D62B}.Release|Any CPU.Build.0 = Release|Any CPU
	EndGlobalSection
	GlobalSection(SolutionProperties) = preSolution
		HideSolutionNode = FALSE
	EndGlobalSection
	GlobalSection(ExtensibilityGlobals) = postSolution
		SolutionGuid = {8F345EB6-5039-4D13-92F3-04C64714120D}
	EndGlobalSection
EndGlobal
