
Microsoft Visual Studio Solution File, Format Version 12.00
# Visual Studio Version 17
VisualStudioVersion = 17.6.33723.286
MinimumVisualStudioVersion = 10.0.40219.1
Project("{FAE04EC0-301F-11D3-BF4B-00C04F79EFBC}") = "Compnay-Landing-Page", "Compnay-Landing-Page\Compnay-Landing-Page.csproj", "{762FC227-7FA6-4E91-BE75-0BDF0EF3C746}"
EndProject
Global
	GlobalSection(SolutionConfigurationPlatforms) = preSolution
		Debug|Any CPU = Debug|Any CPU
		Release|Any CPU = Release|Any CPU
	EndGlobalSection
	GlobalSection(ProjectConfigurationPlatforms) = postSolution
		{762FC227-7FA6-4E91-BE75-0BDF0EF3C746}.Debug|Any CPU.ActiveCfg = Debug|Any CPU
		{762FC227-7FA6-4E91-BE75-0BDF0EF3C746}.Debug|Any CPU.Build.0 = Debug|Any CPU
		{762FC227-7FA6-4E91-BE75-0BDF0EF3C746}.Release|Any CPU.ActiveCfg = Release|Any CPU
		{762FC227-7FA6-4E91-BE75-0BDF0EF3C746}.Release|Any CPU.Build.0 = Release|Any CPU
	EndGlobalSection
	GlobalSection(SolutionProperties) = preSolution
		HideSolutionNode = FALSE
	EndGlobalSection
	GlobalSection(ExtensibilityGlobals) = postSolution
		SolutionGuid = {789E63DB-3B48-4657-9455-63D0261C2730}
	EndGlobalSection
EndGlobal
